
Microsoft Visual Studio Solution File, Format Version 12.00
# Visual Studio 15
VisualStudioVersion = 15.0.27703.2026
MinimumVisualStudioVersion = 10.0.40219.1
Project("{FAE04EC0-301F-11D3-BF4B-00C04F79EFBC}") = "EdgeLens", "EdgeLens\EdgeLens.csproj", "{ADDC8AA3-7DB6-4A4E-9308-4A0CB4475F8B}"
EndProject
Global
	GlobalSection(SolutionConfigurationPlatforms) = preSolution
		Debug|Any CPU = Debug|Any CPU
		Release|Any CPU = Release|Any CPU
	EndGlobalSection
	GlobalSection(ProjectConfigurationPlatforms) = postSolution
		{ADDC8AA3-7DB6-4A4E-9308-4A0CB4475F8B}.Debug|Any CPU.ActiveCfg = Debug|Any CPU
		{ADDC8AA3-7DB6-4A4E-9308-4A0CB4475F8B}.Debug|Any CPU.Build.0 = Debug|Any CPU
		{ADDC8AA3-7DB6-4A4E-9308-4A0CB4475F8B}.Release|Any CPU.ActiveCfg = Release|Any CPU
		{ADDC8AA3-7DB6-4A4E-9308-4A0CB4475F8B}.Release|Any CPU.Build.0 = Release|Any CPU
	EndGlobalSection
	GlobalSection(SolutionProperties) = preSolution
		HideSolutionNode = FALSE
	EndGlobalSection
	GlobalSection(ExtensibilityGlobals) = postSolution
		SolutionGuid = {CD2860C6-1001-4E19-814C-7C688217587D}
	EndGlobalSection
EndGlobal
